Microsoft Visual Studio Solution File, Format Version 12.00
# Visual Studio Version 17
VisualStudioVersion = 17.0.31903.59
MinimumVisualStudioVersion = 10.0.40219.1
Project("{FAE04EC0-301F-11D3-BF4B-00C04F79EFBC}") = "DumpToolbox.Core", "DumpToolbox.Core\DumpToolbox.Core.csproj", "{D13D76CF-05E2-4A2B-B8B5-45AB36CB4095}"
EndProject
Project("{FAE04EC0-301F-11D3-BF4B-00C04F79EFBC}") = "DumpToolbox", "DumpToolbox\DumpToolbox.csproj", "{BD5E61B4-BC61-4C15-A928-D9907AA5058B}"
EndProject
Project("{FAE04EC0-301F-11D3-BF4B-00C04F79EFBC}") = "DumpToolbox.Core.Tests", "DumpToolbox.Core.Tests\DumpToolbox.Core.Tests.csproj", "{50701376-5117-4713-AEC9-A4B5B3FA42CB}"
EndProject
Global
    GlobalSection(SolutionConfigurationPlatforms) = preSolution
        Debug|Any CPU = Debug|Any CPU
        Release|Any CPU = Release|Any CPU
    EndGlobalSection
    GlobalSection(ProjectConfigurationPlatforms) = postSolution
        {D13D76CF-05E2-4A2B-B8B5-45AB36CB4095}.Debug|Any CPU.ActiveCfg = Debug|Any CPU
        {D13D76CF-05E2-4A2B-B8B5-45AB36CB4095}.Debug|Any CPU.Build.0 = Debug|Any CPU
        {D13D76CF-05E2-4A2B-B8B5-45AB36CB4095}.Release|Any CPU.ActiveCfg = Release|Any CPU
        {D13D76CF-05E2-4A2B-B8B5-45AB36CB4095}.Release|Any CPU.Build.0 = Release|Any CPU
        {BD5E61B4-BC61-4C15-A928-D9907AA5058B}.Debug|Any CPU.ActiveCfg = Debug|Any CPU
        {BD5E61B4-BC61-4C15-A928-D9907AA5058B}.Debug|Any CPU.Build.0 = Debug|Any CPU
        {BD5E61B4-BC61-4C15-A928-D9907AA5058B}.Release|Any CPU.ActiveCfg = Release|Any CPU
        {BD5E61B4-BC61-4C15-A928-D9907AA5058B}.Release|Any CPU.Build.0 = Release|Any CPU
        {50701376-5117-4713-AEC9-A4B5B3FA42CB}.Debug|Any CPU.ActiveCfg = Debug|Any CPU
        {50701376-5117-4713-AEC9-A4B5B3FA42CB}.Debug|Any CPU.Build.0 = Debug|Any CPU
        {50701376-5117-4713-AEC9-A4B5B3FA42CB}.Release|Any CPU.ActiveCfg = Release|Any CPU
        {50701376-5117-4713-AEC9-A4B5B3FA42CB}.Release|Any CPU.Build.0 = Release|Any CPU
    EndGlobalSection
EndGlobal
